{
  "name": "sools-wiki-hedera",
  "lockfileVersion": 3,
  "requires": true,
  "packages": {
    "": {
      "name": "sools-wiki-hedera",
      "dependencies": {
        "core": "file:../../core/shared",
        "hedera": "file:../../hedera",
        "modeling": "file:../../modeling/shared",
        "modeling-hedera": "file:../../modeling/hedera",
        "sools-core": "^1.0.0",
        "sools-hedera": "^1.0.0",
        "sools-modeling": "^1.0.0",
        "sools-modeling-hedera": "^1.0.0",
        "sools-wiki": "^1.0.0",
        "wiki": "file:../shared"
      }
    },
    "../../core/shared": {
      "name": "sools-core",
      "version": "1.0.0",
      "license": "ISC",
      "devDependencies": {
        "chai": "^4.3.10",
        "mocha": "^10.2.0"
      }
    },
    "../../hedera": {
      "name": "sools-hedera",
      "version": "1.0.0",
      "license": "ISC",
      "dependencies": {
        "sools-core": "^1.0.0",
        "sools-core-client": "^1.0.0"
      }
    },
    "../../modeling/client": {
      "name": "modeling-client",
      "version": "1.0.0",
      "extraneous": true,
      "license": "ISC",
      "dependencies": {
        "core": "file:../../core/shared",
        "core-client": "file:../../core/client",
        "modeling": "file:../shared"
      }
    },
    "../../modeling/hedera": {
      "name": "sools-modeling-hedera",
      "version": "1.0.0",
      "license": "ISC",
      "dependencies": {
        "sools-core": "^1.0.0",
        "sools-core-client": "^1.0.0",
        "sools-hedera": "^1.0.0",
        "sools-modeling": "^1.0.0",
        "sools-modeling-client": "^1.0.0"
      }
    },
    "../../modeling/shared": {
      "name": "sools-modeling",
      "version": "1.0.0",
      "license": "ISC",
      "dependencies": {
        "sools-core": "^1.0.0"
      },
      "devDependencies": {
        "chai": "^4.3.10",
        "mocha": "^10.2.0"
      }
    },
    "../shared": {
      "name": "sools-wiki",
      "version": "1.0.0",
      "license": "ISC",
      "dependencies": {
        "sools-core": "^1.0.0",
        "sools-modeling": "^1.0.0"
      }
    },
    "node_modules/asynckit": {
      "version": "0.4.0",
      "resolved": "https://registry.npmjs.org/asynckit/-/asynckit-0.4.0.tgz",
      "integrity": "sha512-Oei9OH4tRh0YqU3GxhX79dM/mwVgvbZJaSNaRk+bshkj0S5cfHcgYakreBjrHwatXKbz+IoIdYLxrKim2MjW0Q=="
    },
    "node_modules/axios": {
      "version": "1.7.3",
      "resolved": "https://registry.npmjs.org/axios/-/axios-1.7.3.tgz",
      "integrity": "sha512-Ar7ND9pU99eJ9GpoGQKhKf58GpUOgnzuaB7ueNQ5BMi0p+LZ5oaEnfF999fAArcTIBwXTCHAmGcHOZJaWPq9Nw==",
      "dependencies": {
        "follow-redirects": "^1.15.6",
        "form-data": "^4.0.0",
        "proxy-from-env": "^1.1.0"
      }
    },
    "node_modules/combined-stream": {
      "version": "1.0.8",
      "resolved": "https://registry.npmjs.org/combined-stream/-/combined-stream-1.0.8.tgz",
      "integrity": "sha512-FQN4MRfuJeHf7cBbBMJFXhKSDq+2kAArBlmRBvcvFE5BB1HZKXtSFASDhdlz9zOYwxh8lDdnvmMOe/+5cdoEdg==",
      "dependencies": {
        "delayed-stream": "~1.0.0"
      },
      "engines": {
        "node": ">= 0.8"
      }
    },
    "node_modules/core": {
      "resolved": "../../core/shared",
      "link": true
    },
    "node_modules/delayed-stream": {
      "version": "1.0.0",
      "resolved": "https://registry.npmjs.org/delayed-stream/-/delayed-stream-1.0.0.tgz",
      "integrity": "sha512-ZySD7Nf91aLB0RxL4KGrKHBXl7Eds1DAmEdcoVawXnLD7SDhpNgtuII2aAkg7a7QS41jxPSZ17p4VdGnMHk3MQ==",
      "engines": {
        "node": ">=0.4.0"
      }
    },
    "node_modules/follow-redirects": {
      "version": "1.15.6",
      "resolved": "https://registry.npmjs.org/follow-redirects/-/follow-redirects-1.15.6.tgz",
      "integrity": "sha512-wWN62YITEaOpSK584EZXJafH1AGpO8RVgElfkuXbTOrPX4fIfOyEpW/CsiNd8JdYrAoOvafRTOEnvsO++qCqFA==",
      "funding": [
        {
          "type": "individual",
          "url": "https://github.com/sponsors/RubenVerborgh"
        }
      ],
      "engines": {
        "node": ">=4.0"
      },
      "peerDependenciesMeta": {
        "debug": {
          "optional": true
        }
      }
    },
    "node_modules/form-data": {
      "version": "4.0.0",
      "resolved": "https://registry.npmjs.org/form-data/-/form-data-4.0.0.tgz",
      "integrity": "sha512-ETEklSGi5t0QMZuiXoA/Q6vcnxcLQP5vdugSpuAyi6SVGi2clPPp+xgEhuMaHC+zGgn31Kd235W35f7Hykkaww==",
      "dependencies": {
        "asynckit": "^0.4.0",
        "combined-stream": "^1.0.8",
        "mime-types": "^2.1.12"
      },
      "engines": {
        "node": ">= 6"
      }
    },
    "node_modules/hedera": {
      "resolved": "../../hedera",
      "link": true
    },
    "node_modules/mime-db": {
      "version": "1.52.0",
      "resolved": "https://registry.npmjs.org/mime-db/-/mime-db-1.52.0.tgz",
      "integrity": "sha512-sPU4uV7dYlvtWJxwwxHD0PuihVNiE7TyAbQ5SWxDCB9mUYvOgroQOwYQQOKPJ8CIbE+1ETVlOoK1UC2nU3gYvg==",
      "engines": {
        "node": ">= 0.6"
      }
    },
    "node_modules/mime-types": {
      "version": "2.1.35",
      "resolved": "https://registry.npmjs.org/mime-types/-/mime-types-2.1.35.tgz",
      "integrity": "sha512-ZDY+bPm5zTTF+YpCrAU9nK0UgICYPT0QtT1NZWFv4s++TNkcgVaT0g6+4R2uI4MjQjzysHB1zxuWL50hzaeXiw==",
      "dependencies": {
        "mime-db": "1.52.0"
      },
      "engines": {
        "node": ">= 0.6"
      }
    },
    "node_modules/modeling": {
      "resolved": "../../modeling/shared",
      "link": true
    },
    "node_modules/modeling-hedera": {
      "resolved": "../../modeling/hedera",
      "link": true
    },
    "node_modules/proxy-from-env": {
      "version": "1.1.0",
      "resolved": "https://registry.npmjs.org/proxy-from-env/-/proxy-from-env-1.1.0.tgz",
      "integrity": "sha512-D+zkORCbA9f1tdWRK0RaCR3GPv50cMxcrz4X8k5LTSUD1Dkw47mKJEZQNunItRTkWwgtaUSo1RVFRIG9ZXiFYg=="
    },
    "node_modules/sools-core": {
      "version": "1.0.0",
      "resolved": "https://registry.npmjs.org/sools-core/-/sools-core-1.0.0.tgz",
      "integrity": "sha512-KU5ULx6TvhEKK50WxmNiMrCsnGdDB4XmiqxbVZcfrhu1GAsE7X7rFv5AorUtP/teb1oorWYdiZ3kj7HlALSTcw=="
    },
    "node_modules/sools-core-client": {
      "version": "1.0.0",
      "resolved": "https://registry.npmjs.org/sools-core-client/-/sools-core-client-1.0.0.tgz",
      "integrity": "sha512-TSV+UvvP+hWZzeJ84bLRcWOCbNMUrBNC+R3Ib1sdG4zsEBjZNje0msqyykrivjWHDNdXRw03tTxq3XcJ1Jp3Pw==",
      "dependencies": {
        "sools-core": "^1.0.0"
      }
    },
    "node_modules/sools-hedera": {
      "version": "1.0.0",
      "resolved": "https://registry.npmjs.org/sools-hedera/-/sools-hedera-1.0.0.tgz",
      "integrity": "sha512-s/CWr7hC7e1MJlBQHGQwPadgT1ZYpAmztRZz1cu/8JzyHQMQ8/tF8F47LzisUjsYRsJ2PBhfTgnvKgplP11vXA==",
      "dependencies": {
        "sools-core": "^1.0.0",
        "sools-core-client": "^1.0.0"
      }
    },
    "node_modules/sools-modeling": {
      "version": "1.0.0",
      "resolved": "https://registry.npmjs.org/sools-modeling/-/sools-modeling-1.0.0.tgz",
      "integrity": "sha512-pOhF+PjJvE2FAzWFIfmlHhRAFedi1JACo0pVPlCPBrgX+TA07S35rW8PMclUYhlZsRXtJpUNtKTOl40XCG+hsA==",
      "dependencies": {
        "sools-core": "^1.0.0"
      }
    },
    "node_modules/sools-modeling-client": {
      "version": "1.0.0",
      "resolved": "https://registry.npmjs.org/sools-modeling-client/-/sools-modeling-client-1.0.0.tgz",
      "integrity": "sha512-7wd9M712Pm6DHM0Sy9vOEd9oiL3uSCJFhB2fxnVANCSMfFiGbxrgYYG3uvWNg8Ca+mvw8nm+jz03zFZ4kTdGRw==",
      "dependencies": {
        "axios": "^1.6.5",
        "sools-core": "^1.0.0",
        "sools-core-client": "^1.0.0",
        "sools-modeling": "^1.0.0"
      }
    },
    "node_modules/sools-modeling-hedera": {
      "version": "1.0.0",
      "resolved": "https://registry.npmjs.org/sools-modeling-hedera/-/sools-modeling-hedera-1.0.0.tgz",
      "integrity": "sha512-0InxkKEnxMy7C6ELHXay4BgzT3hE1SLMIU9FQreUkgAlrWIqlqgU7FpVEW4LAzSrHeQrSdGZh6NyGnqhESTF1g==",
      "dependencies": {
        "sools-core": "^1.0.0",
        "sools-core-client": "^1.0.0",
        "sools-hedera": "^1.0.0",
        "sools-modeling": "^1.0.0",
        "sools-modeling-client": "^1.0.0"
      }
    },
    "node_modules/sools-wiki": {
      "version": "1.0.0",
      "resolved": "https://registry.npmjs.org/sools-wiki/-/sools-wiki-1.0.0.tgz",
      "integrity": "sha512-bOK98vgjO1XB9F/d8b3LCpinXmOd3IThhlu3TAcZJAnIMijWLL/IuqyVS4kouqbm8fouv9e8GwGab9PAKeD5Dw==",
      "dependencies": {
        "sools-core": "^1.0.0",
        "sools-modeling": "^1.0.0"
      }
    },
    "node_modules/wiki": {
      "resolved": "../shared",
      "link": true
    }
  }
}
